
Microsoft Visual Studio Solution File, Format Version 12.00
# Visual Studio 2013
VisualStudioVersion = 12.0.21005.1
MinimumVisualStudioVersion = 10.0.40219.1
Project("{F184B08F-C81C-45F6-A57F-5ABD9991F28F}") = "ebuc", "ebuc\ebuc.vbproj", "{CC50C322-EE8A-478A-94D3-E14741FAF9CB}"
EndProject
Global
	GlobalSection(SolutionConfigurationPlatforms) = preSolution
		Debug|x86 = Debug|x86
		Release|x86 = Release|x86
	EndGlobalSection
	GlobalSection(ProjectConfigurationPlatforms) = postSolution
		{CC50C322-EE8A-478A-94D3-E14741FAF9CB}.Debug|x86.ActiveCfg = Debug|x86
		{CC50C322-EE8A-478A-94D3-E14741FAF9CB}.Debug|x86.Build.0 = Debug|x86
		{CC50C322-EE8A-478A-94D3-E14741FAF9CB}.Release|x86.ActiveCfg = Release|x86
		{CC50C322-EE8A-478A-94D3-E14741FAF9CB}.Release|x86.Build.0 = Release|x86
	EndGlobalSection
	GlobalSection(SolutionProperties) = preSolution
		HideSolutionNode = FALSE
	EndGlobalSection
EndGlobal
